// !$*UTF8*$!
{
	archiveVersion = 1;
	classes = {
	};
	objectVersion = 56;
	objects = {

/* Begin PBXBuildFile section */
		5A3784AD5B02F3CE5FADFF08 /* Pods_municeCowork_municeCoworkUITests.framework in Frameworks */ = {isa = PBXBuildFile; fileRef = BFFB9BCE9D1630F637128243 /* Pods_municeCowork_municeCoworkUITests.framework */; };
		844BDDCD2BD16E7F00D4E42F /* .swiftlint.yml in Resources */ = {isa = PBXBuildFile; fileRef = 844BDDCC2BD16E7F00D4E42F /* .swiftlint.yml */; };
		844BDDD02BD1744F00D4E42F /* Logg.swift in Sources */ = {isa = PBXBuildFile; fileRef = 844BDDCF2BD1744F00D4E42F /* Logg.swift */; };
		844BDDD32BD174B400D4E42F /* String_Extension.swift in Sources */ = {isa = PBXBuildFile; fileRef = 844BDDD22BD174B400D4E42F /* String_Extension.swift */; };
		844BDDD72BD1774600D4E42F /* MoyaRequester.swift in Sources */ = {isa = PBXBuildFile; fileRef = 844BDDD62BD1774600D4E42F /* MoyaRequester.swift */; };
		844BDDD92BD1776600D4E42F /* NetConsts.swift in Sources */ = {isa = PBXBuildFile; fileRef = 844BDDD82BD1776600D4E42F /* NetConsts.swift */; };
		844BDDDB2BD1778600D4E42F /* RequestCustomLogPlugin.swift in Sources */ = {isa = PBXBuildFile; fileRef = 844BDDDA2BD1778600D4E42F /* RequestCustomLogPlugin.swift */; };
		844BDDDD2BD1791C00D4E42F /* BaseMoyaTargetType.swift in Sources */ = {isa = PBXBuildFile; fileRef = 844BDDDC2BD1791C00D4E42F /* BaseMoyaTargetType.swift */; };
		844BDDDF2BD1794700D4E42F /* BaseApi.swift in Sources */ = {isa = PBXBuildFile; fileRef = 844BDDDE2BD1794700D4E42F /* BaseApi.swift */; };
		844BDDE12BD17AAB00D4E42F /* TestApi.swift in Sources */ = {isa = PBXBuildFile; fileRef = 844BDDE02BD17AAB00D4E42F /* TestApi.swift */; };
		844BDDE42BD17C0B00D4E42F /* TestApiDTO.swift in Sources */ = {isa = PBXBuildFile; fileRef = 844BDDE32BD17C0B00D4E42F /* TestApiDTO.swift */; };
		844BDDEA2BD1854A00D4E42F /* TestRepository.swift in Sources */ = {isa = PBXBuildFile; fileRef = 844BDDE92BD1854A00D4E42F /* TestRepository.swift */; };
		844BDDEF2BD1867B00D4E42F /* TestUsecase.swift in Sources */ = {isa = PBXBuildFile; fileRef = 844BDDEE2BD1867B00D4E42F /* TestUsecase.swift */; };
		844BDDF22BD186C400D4E42F /* TestModel.swift in Sources */ = {isa = PBXBuildFile; fileRef = 844BDDF12BD186C400D4E42F /* TestModel.swift */; };
		844BDDF82BD1893600D4E42F /* TestViewModel.swift in Sources */ = {isa = PBXBuildFile; fileRef = 844BDDF72BD1893600D4E42F /* TestViewModel.swift */; };
		844BDDFD2BD1FA4E00D4E42F /* TestCell.swift in Sources */ = {isa = PBXBuildFile; fileRef = 844BDDFC2BD1FA4E00D4E42F /* TestCell.swift */; };
		844BDDFF2BD1FA6800D4E42F /* ReuseIdentifierable.swift in Sources */ = {isa = PBXBuildFile; fileRef = 844BDDFE2BD1FA6800D4E42F /* ReuseIdentifierable.swift */; };
		844BDE052BD1FCB400D4E42F /* TestDataItem.swift in Sources */ = {isa = PBXBuildFile; fileRef = 844BDE042BD1FCB400D4E42F /* TestDataItem.swift */; };
		844BDE072BD235AD00D4E42F /* MainViewController.swift in Sources */ = {isa = PBXBuildFile; fileRef = 844BDE062BD235AD00D4E42F /* MainViewController.swift */; };
		844BDE092BD239AB00D4E42F /* CALayer_Extension.swift in Sources */ = {isa = PBXBuildFile; fileRef = 844BDE082BD239AB00D4E42F /* CALayer_Extension.swift */; };
		844BDE0B2BD243AD00D4E42F /* MainViewModel.swift in Sources */ = {isa = PBXBuildFile; fileRef = 844BDE0A2BD243AD00D4E42F /* MainViewModel.swift */; };
		844BDE0D2BD2443900D4E42F /* Date_Extension.swift in Sources */ = {isa = PBXBuildFile; fileRef = 844BDE0C2BD2443900D4E42F /* Date_Extension.swift */; };
		845587FC2BD15BF900CC1F9D /* AppDelegate.swift in Sources */ = {isa = PBXBuildFile; fileRef = 845587FB2BD15BF900CC1F9D /* AppDelegate.swift */; };
		845587FE2BD15BF900CC1F9D /* SceneDelegate.swift in Sources */ = {isa = PBXBuildFile; fileRef = 845587FD2BD15BF900CC1F9D /* SceneDelegate.swift */; };
		845588002BD15BF900CC1F9D /* ViewController.swift in Sources */ = {isa = PBXBuildFile; fileRef = 845587FF2BD15BF900CC1F9D /* ViewController.swift */; };
		845588052BD15BFA00CC1F9D /* Assets.xcassets in Resources */ = {isa = PBXBuildFile; fileRef = 845588042BD15BFA00CC1F9D /* Assets.xcassets */; };
		845588082BD15BFA00CC1F9D /* LaunchScreen.storyboard in Resources */ = {isa = PBXBuildFile; fileRef = 845588062BD15BFA00CC1F9D /* LaunchScreen.storyboard */; };
		845588132BD15BFA00CC1F9D /* municeCoworkTests.swift in Sources */ = {isa = PBXBuildFile; fileRef = 845588122BD15BFA00CC1F9D /* municeCoworkTests.swift */; };
		8455881D2BD15BFA00CC1F9D /* municeCoworkUITests.swift in Sources */ = {isa = PBXBuildFile; fileRef = 8455881C2BD15BFA00CC1F9D /* municeCoworkUITests.swift */; };
		8455881F2BD15BFA00CC1F9D /* municeCoworkUITestsLaunchTests.swift in Sources */ = {isa = PBXBuildFile; fileRef = 8455881E2BD15BFA00CC1F9D /* municeCoworkUITestsLaunchTests.swift */; };
		84CF48002BD25326004ED912 /* Locale_Extension.swift in Sources */ = {isa = PBXBuildFile; fileRef = 84CF47FF2BD25326004ED912 /* Locale_Extension.swift */; };
		84CF48022BD25CA8004ED912 /* TimePickerView.swift in Sources */ = {isa = PBXBuildFile; fileRef = 84CF48012BD25CA8004ED912 /* TimePickerView.swift */; };
		84CF48042BD26327004ED912 /* CustomPickerView.swift in Sources */ = {isa = PBXBuildFile; fileRef = 84CF48032BD26327004ED912 /* CustomPickerView.swift */; };
		84CF48062BD263C3004ED912 /* Array_Extension.swift in Sources */ = {isa = PBXBuildFile; fileRef = 84CF48052BD263C3004ED912 /* Array_Extension.swift */; };
		BC868E4BFE131C246119C880 /* Pods_municeCowork.framework in Frameworks */ = {isa = PBXBuildFile; fileRef = 8D8FBD6BD92A206E5BA973C3 /* Pods_municeCowork.framework */; };
		F93CD258C403FFBAD690FB28 /* Pods_municeCoworkTests.framework in Frameworks */ = {isa = PBXBuildFile; fileRef = 3E67D8E14E6A5239F968A563 /* Pods_municeCoworkTests.framework */; };
/* End PBXBuildFile section */

/* Begin PBXContainerItemProxy section */
		8455880F2BD15BFA00CC1F9D /* PBXContainerItemProxy */ = {
			isa = PBXContainerItemProxy;
			containerPortal = 845587F02BD15BF900CC1F9D /* Project object */;
			proxyType = 1;
			remoteGlobalIDString = 845587F72BD15BF900CC1F9D;
			remoteInfo = municeCowork;
		};
		845588192BD15BFA00CC1F9D /* PBXContainerItemProxy */ = {
			isa = PBXContainerItemProxy;
			containerPortal = 845587F02BD15BF900CC1F9D /* Project object */;
			proxyType = 1;
			remoteGlobalIDString = 845587F72BD15BF900CC1F9D;
			remoteInfo = municeCowork;
		};
/* End PBXContainerItemProxy section */

/* Begin PBXFileReference section */
		0921F94CA9CBE62FF910D5C5 /* Pods-municeCoworkTests.debug.xcconfig */ = {isa = PBXFileReference; includeInIndex = 1; lastKnownFileType = text.xcconfig; name = "Pods-municeCoworkTests.debug.xcconfig"; path = "Target Support Files/Pods-municeCoworkTests/Pods-municeCoworkTests.debug.xcconfig"; sourceTree = "<group>"; };
		3E67D8E14E6A5239F968A563 /* Pods_municeCoworkTests.framework */ = {isa = PBXFileReference; explicitFileType = wrapper.framework; includeInIndex = 0; path = Pods_municeCoworkTests.framework; sourceTree = BUILT_PRODUCTS_DIR; };
		46FA838094A6F037FB6C292D /* Pods-municeCoworkTests.release.xcconfig */ = {isa = PBXFileReference; includeInIndex = 1; lastKnownFileType = text.xcconfig; name = "Pods-municeCoworkTests.release.xcconfig"; path = "Target Support Files/Pods-municeCoworkTests/Pods-municeCoworkTests.release.xcconfig"; sourceTree = "<group>"; };
		695A3504A01103F6873EF7DA /* Pods-municeCowork-municeCoworkUITests.release.xcconfig */ = {isa = PBXFileReference; includeInIndex = 1; lastKnownFileType = text.xcconfig; name = "Pods-municeCowork-municeCoworkUITests.release.xcconfig"; path = "Target Support Files/Pods-municeCowork-municeCoworkUITests/Pods-municeCowork-municeCoworkUITests.release.xcconfig"; sourceTree = "<group>"; };
		841C1388BB7ADB998FEAF888 /* Pods-municeCowork-municeCoworkUITests.debug.xcconfig */ = {isa = PBXFileReference; includeInIndex = 1; lastKnownFileType = text.xcconfig; name = "Pods-municeCowork-municeCoworkUITests.debug.xcconfig"; path = "Target Support Files/Pods-municeCowork-municeCoworkUITests/Pods-municeCowork-municeCoworkUITests.debug.xcconfig"; sourceTree = "<group>"; };
		844BDDCC2BD16E7F00D4E42F /* .swiftlint.yml */ = {isa = PBXFileReference; lastKnownFileType = text.yaml; path = .swiftlint.yml; sourceTree = "<group>"; };
		844BDDCF2BD1744F00D4E42F /* Logg.swift */ = {isa = PBXFileReference; lastKnownFileType = sourcecode.swift; path = Logg.swift; sourceTree = "<group>"; };
		844BDDD22BD174B400D4E42F /* String_Extension.swift */ = {isa = PBXFileReference; lastKnownFileType = sourcecode.swift; path = String_Extension.swift; sourceTree = "<group>"; };
		844BDDD62BD1774600D4E42F /* MoyaRequester.swift */ = {isa = PBXFileReference; lastKnownFileType = sourcecode.swift; path = MoyaRequester.swift; sourceTree = "<group>"; };
		844BDDD82BD1776600D4E42F /* NetConsts.swift */ = {isa = PBXFileReference; lastKnownFileType = sourcecode.swift; path = NetConsts.swift; sourceTree = "<group>"; };
		844BDDDA2BD1778600D4E42F /* RequestCustomLogPlugin.swift */ = {isa = PBXFileReference; lastKnownFileType = sourcecode.swift; path = RequestCustomLogPlugin.swift; sourceTree = "<group>"; };
		844BDDDC2BD1791C00D4E42F /* BaseMoyaTargetType.swift */ = {isa = PBXFileReference; lastKnownFileType = sourcecode.swift; path = BaseMoyaTargetType.swift; sourceTree = "<group>"; };
		844BDDDE2BD1794700D4E42F /* BaseApi.swift */ = {isa = PBXFileReference; lastKnownFileType = sourcecode.swift; path = BaseApi.swift; sourceTree = "<group>"; };
		844BDDE02BD17AAB00D4E42F /* TestApi.swift */ = {isa = PBXFileReference; lastKnownFileType = sourcecode.swift; path = TestApi.swift; sourceTree = "<group>"; };
		844BDDE32BD17C0B00D4E42F /* TestApiDTO.swift */ = {isa = PBXFileReference; lastKnownFileType = sourcecode.swift; path = TestApiDTO.swift; sourceTree = "<group>"; };
		844BDDE92BD1854A00D4E42F /* TestRepository.swift */ = {isa = PBXFileReference; lastKnownFileType = sourcecode.swift; path = TestRepository.swift; sourceTree = "<group>"; };
		844BDDEE2BD1867B00D4E42F /* TestUsecase.swift */ = {isa = PBXFileReference; lastKnownFileType = sourcecode.swift; path = TestUsecase.swift; sourceTree = "<group>"; };
		844BDDF12BD186C400D4E42F /* TestModel.swift */ = {isa = PBXFileReference; lastKnownFileType = sourcecode.swift; path = TestModel.swift; sourceTree = "<group>"; };
		844BDDF72BD1893600D4E42F /* TestViewModel.swift */ = {isa = PBXFileReference; lastKnownFileType = sourcecode.swift; path = TestViewModel.swift; sourceTree = "<group>"; };
		844BDDFC2BD1FA4E00D4E42F /* TestCell.swift */ = {isa = PBXFileReference; lastKnownFileType = sourcecode.swift; path = TestCell.swift; sourceTree = "<group>"; };
		844BDDFE2BD1FA6800D4E42F /* ReuseIdentifierable.swift */ = {isa = PBXFileReference; lastKnownFileType = sourcecode.swift; path = ReuseIdentifierable.swift; sourceTree = "<group>"; };
		844BDE042BD1FCB400D4E42F /* TestDataItem.swift */ = {isa = PBXFileReference; lastKnownFileType = sourcecode.swift; path = TestDataItem.swift; sourceTree = "<group>"; };
		844BDE062BD235AD00D4E42F /* MainViewController.swift */ = {isa = PBXFileReference; lastKnownFileType = sourcecode.swift; path = MainViewController.swift; sourceTree = "<group>"; };
		844BDE082BD239AB00D4E42F /* CALayer_Extension.swift */ = {isa = PBXFileReference; lastKnownFileType = sourcecode.swift; path = CALayer_Extension.swift; sourceTree = "<group>"; };
		844BDE0A2BD243AD00D4E42F /* MainViewModel.swift */ = {isa = PBXFileReference; lastKnownFileType = sourcecode.swift; path = MainViewModel.swift; sourceTree = "<group>"; };
		844BDE0C2BD2443900D4E42F /* Date_Extension.swift */ = {isa = PBXFileReference; lastKnownFileType = sourcecode.swift; path = Date_Extension.swift; sourceTree = "<group>"; };
		845587F82BD15BF900CC1F9D /* municeCowork.app */ = {isa = PBXFileReference; explicitFileType = wrapper.application; includeInIndex = 0; path = municeCowork.app; sourceTree = BUILT_PRODUCTS_DIR; };
		845587FB2BD15BF900CC1F9D /* AppDelegate.swift */ = {isa = PBXFileReference; lastKnownFileType = sourcecode.swift; path = AppDelegate.swift; sourceTree = "<group>"; };
		845587FD2BD15BF900CC1F9D /* SceneDelegate.swift */ = {isa = PBXFileReference; lastKnownFileType = sourcecode.swift; path = SceneDelegate.swift; sourceTree = "<group>"; };
		845587FF2BD15BF900CC1F9D /* ViewController.swift */ = {isa = PBXFileReference; lastKnownFileType = sourcecode.swift; path = ViewController.swift; sourceTree = "<group>"; };
		845588042BD15BFA00CC1F9D /* Assets.xcassets */ = {isa = PBXFileReference; lastKnownFileType = folder.assetcatalog; path = Assets.xcassets; sourceTree = "<group>"; };
		845588072BD15BFA00CC1F9D /* Base */ = {isa = PBXFileReference; lastKnownFileType = file.storyboard; name = Base; path = Base.lproj/LaunchScreen.storyboard; sourceTree = "<group>"; };
		845588092BD15BFA00CC1F9D /* Info.plist */ = {isa = PBXFileReference; lastKnownFileType = text.plist.xml; path = Info.plist; sourceTree = "<group>"; };
		8455880E2BD15BFA00CC1F9D /* municeCoworkTests.xctest */ = {isa = PBXFileReference; explicitFileType = wrapper.cfbundle; includeInIndex = 0; path = municeCoworkTests.xctest; sourceTree = BUILT_PRODUCTS_DIR; };
		845588122BD15BFA00CC1F9D /* municeCoworkTests.swift */ = {isa = PBXFileReference; lastKnownFileType = sourcecode.swift; path = municeCoworkTests.swift; sourceTree = "<group>"; };
		845588182BD15BFA00CC1F9D /* municeCoworkUITests.xctest */ = {isa = PBXFileReference; explicitFileType = wrapper.cfbundle; includeInIndex = 0; path = municeCoworkUITests.xctest; sourceTree = BUILT_PRODUCTS_DIR; };
		8455881C2BD15BFA00CC1F9D /* municeCoworkUITests.swift */ = {isa = PBXFileReference; lastKnownFileType = sourcecode.swift; path = municeCoworkUITests.swift; sourceTree = "<group>"; };
		8455881E2BD15BFA00CC1F9D /* municeCoworkUITestsLaunchTests.swift */ = {isa = PBXFileReference; lastKnownFileType = sourcecode.swift; path = municeCoworkUITestsLaunchTests.swift; sourceTree = "<group>"; };
		84CF47FF2BD25326004ED912 /* Locale_Extension.swift */ = {isa = PBXFileReference; lastKnownFileType = sourcecode.swift; path = Locale_Extension.swift; sourceTree = "<group>"; };
		84CF48012BD25CA8004ED912 /* TimePickerView.swift */ = {isa = PBXFileReference; lastKnownFileType = sourcecode.swift; path = TimePickerView.swift; sourceTree = "<group>"; };
		84CF48032BD26327004ED912 /* CustomPickerView.swift */ = {isa = PBXFileReference; lastKnownFileType = sourcecode.swift; path = CustomPickerView.swift; sourceTree = "<group>"; };
		84CF48052BD263C3004ED912 /* Array_Extension.swift */ = {isa = PBXFileReference; lastKnownFileType = sourcecode.swift; path = Array_Extension.swift; sourceTree = "<group>"; };
		8D8FBD6BD92A206E5BA973C3 /* Pods_municeCowork.framework */ = {isa = PBXFileReference; explicitFileType = wrapper.framework; includeInIndex = 0; path = Pods_municeCowork.framework; sourceTree = BUILT_PRODUCTS_DIR; };
		9136DBC612E5E139352DCF03 /* Pods-municeCowork.debug.xcconfig */ = {isa = PBXFileReference; includeInIndex = 1; lastKnownFileType = text.xcconfig; name = "Pods-municeCowork.debug.xcconfig"; path = "Target Support Files/Pods-municeCowork/Pods-municeCowork.debug.xcconfig"; sourceTree = "<group>"; };
		BFFB9BCE9D1630F637128243 /* Pods_municeCowork_municeCoworkUITests.framework */ = {isa = PBXFileReference; explicitFileType = wrapper.framework; includeInIndex = 0; path = Pods_municeCowork_municeCoworkUITests.framework; sourceTree = BUILT_PRODUCTS_DIR; };
		E56F516C7F9035F4B09634A1 /* Pods-municeCowork.release.xcconfig */ = {isa = PBXFileReference; includeInIndex = 1; lastKnownFileType = text.xcconfig; name = "Pods-municeCowork.release.xcconfig"; path = "Target Support Files/Pods-municeCowork/Pods-municeCowork.release.xcconfig"; sourceTree = "<group>"; };
/* End PBXFileReference section */

/* Begin PBXFrameworksBuildPhase section */
		845587F52BD15BF900CC1F9D /* Frameworks */ = {
			isa = PBXFrameworksBuildPhase;
			buildActionMask = 2147483647;
			files = (
				BC868E4BFE131C246119C880 /* Pods_municeCowork.framework in Frameworks */,
			);
			runOnlyForDeploymentPostprocessing = 0;
		};
		8455880B2BD15BFA00CC1F9D /* Frameworks */ = {
			isa = PBXFrameworksBuildPhase;
			buildActionMask = 2147483647;
			files = (
				F93CD258C403FFBAD690FB28 /* Pods_municeCoworkTests.framework in Frameworks */,
			);
			runOnlyForDeploymentPostprocessing = 0;
		};
		845588152BD15BFA00CC1F9D /* Frameworks */ = {
			isa = PBXFrameworksBuildPhase;
			buildActionMask = 2147483647;
			files = (
				5A3784AD5B02F3CE5FADFF08 /* Pods_municeCowork_municeCoworkUITests.framework in Frameworks */,
			);
			runOnlyForDeploymentPostprocessing = 0;
		};
/* End PBXFrameworksBuildPhase section */

/* Begin PBXGroup section */
		13AC99B78F6214AD014A0F14 /* Pods */ = {
			isa = PBXGroup;
			children = (
				9136DBC612E5E139352DCF03 /* Pods-municeCowork.debug.xcconfig */,
				E56F516C7F9035F4B09634A1 /* Pods-municeCowork.release.xcconfig */,
				841C1388BB7ADB998FEAF888 /* Pods-municeCowork-municeCoworkUITests.debug.xcconfig */,
				695A3504A01103F6873EF7DA /* Pods-municeCowork-municeCoworkUITests.release.xcconfig */,
				0921F94CA9CBE62FF910D5C5 /* Pods-municeCoworkTests.debug.xcconfig */,
				46FA838094A6F037FB6C292D /* Pods-municeCoworkTests.release.xcconfig */,
			);
			path = Pods;
			sourceTree = "<group>";
		};
		13E4E1FD6B6EB7E5B518C827 /* Frameworks */ = {
			isa = PBXGroup;
			children = (
				8D8FBD6BD92A206E5BA973C3 /* Pods_municeCowork.framework */,
				BFFB9BCE9D1630F637128243 /* Pods_municeCowork_municeCoworkUITests.framework */,
				3E67D8E14E6A5239F968A563 /* Pods_municeCoworkTests.framework */,
			);
			name = Frameworks;
			sourceTree = "<group>";
		};
		844BDDC72BD16B9D00D4E42F /* Layer-Application */ = {
			isa = PBXGroup;
			children = (
				844BDE002BD1FA8800D4E42F /* Protocol */,
				844BDDFA2BD1FA2600D4E42F /* View */,
				844BDDF32BD188F100D4E42F /* ViewController */,
				844BDDF42BD188FE00D4E42F /* ViewModel */,
				844BDDF02BD186BD00D4E42F /* Model */,
			);
			path = "Layer-Application";
			sourceTree = "<group>";
		};
		844BDDC82BD16BA600D4E42F /* Layer-Domain */ = {
			isa = PBXGroup;
			children = (
				844BDDEB2BD1863B00D4E42F /* Usecase */,
			);
			path = "Layer-Domain";
			sourceTree = "<group>";
		};
		844BDDC92BD16BAF00D4E42F /* Layer-Data */ = {
			isa = PBXGroup;
			children = (
				844BDDE52BD1825C00D4E42F /* Repository */,
				844BDDE62BD1826400D4E42F /* DataSource */,
				844BDDE22BD17BFD00D4E42F /* Model */,
			);
			path = "Layer-Data";
			sourceTree = "<group>";
		};
		844BDDCA2BD16BE500D4E42F /* Resource */ = {
			isa = PBXGroup;
			children = (
				845588042BD15BFA00CC1F9D /* Assets.xcassets */,
			);
			path = Resource;
			sourceTree = "<group>";
		};
		844BDDCB2BD16BED00D4E42F /* Util */ = {
			isa = PBXGroup;
			children = (
				844BDDD12BD174A800D4E42F /* Extension */,
				844BDDCF2BD1744F00D4E42F /* Logg.swift */,
			);
			path = Util;
			sourceTree = "<group>";
		};
		844BDDD12BD174A800D4E42F /* Extension */ = {
			isa = PBXGroup;
			children = (
				844BDDD22BD174B400D4E42F /* String_Extension.swift */,
				844BDE082BD239AB00D4E42F /* CALayer_Extension.swift */,
				844BDE0C2BD2443900D4E42F /* Date_Extension.swift */,
				84CF47FF2BD25326004ED912 /* Locale_Extension.swift */,
				84CF48052BD263C3004ED912 /* Array_Extension.swift */,
			);
			path = Extension;
			sourceTree = "<group>";
		};
		844BDDE22BD17BFD00D4E42F /* Model */ = {
			isa = PBXGroup;
			children = (
				844BDDE32BD17C0B00D4E42F /* TestApiDTO.swift */,
			);
			path = Model;
			sourceTree = "<group>";
		};
		844BDDE52BD1825C00D4E42F /* Repository */ = {
			isa = PBXGroup;
			children = (
				844BDDE92BD1854A00D4E42F /* TestRepository.swift */,
			);
			path = Repository;
			sourceTree = "<group>";
		};
		844BDDE62BD1826400D4E42F /* DataSource */ = {
			isa = PBXGroup;
			children = (
				844BDDE72BD1826E00D4E42F /* Remote */,
			);
			path = DataSource;
			sourceTree = "<group>";
		};
		844BDDE72BD1826E00D4E42F /* Remote */ = {
			isa = PBXGroup;
			children = (
				844BDDE82BD1827C00D4E42F /* Api */,
				844BDDD62BD1774600D4E42F /* MoyaRequester.swift */,
				844BDDDA2BD1778600D4E42F /* RequestCustomLogPlugin.swift */,
				844BDDDC2BD1791C00D4E42F /* BaseMoyaTargetType.swift */,
				844BDDD82BD1776600D4E42F /* NetConsts.swift */,
			);
			path = Remote;
			sourceTree = "<group>";
		};
		844BDDE82BD1827C00D4E42F /* Api */ = {
			isa = PBXGroup;
			children = (
				844BDDDE2BD1794700D4E42F /* BaseApi.swift */,
				844BDDE02BD17AAB00D4E42F /* TestApi.swift */,
			);
			path = Api;
			sourceTree = "<group>";
		};
		844BDDEB2BD1863B00D4E42F /* Usecase */ = {
			isa = PBXGroup;
			children = (
				844BDDEE2BD1867B00D4E42F /* TestUsecase.swift */,
			);
			path = Usecase;
			sourceTree = "<group>";
		};
		844BDDF02BD186BD00D4E42F /* Model */ = {
			isa = PBXGroup;
			children = (
				844BDE032BD1FCA000D4E42F /* CollectionViewItem */,
				844BDDF12BD186C400D4E42F /* TestModel.swift */,
			);
			path = Model;
			sourceTree = "<group>";
		};
		844BDDF32BD188F100D4E42F /* ViewController */ = {
			isa = PBXGroup;
			children = (
				845587FF2BD15BF900CC1F9D /* ViewController.swift */,
				844BDE062BD235AD00D4E42F /* MainViewController.swift */,
			);
			path = ViewController;
			sourceTree = "<group>";
		};
		844BDDF42BD188FE00D4E42F /* ViewModel */ = {
			isa = PBXGroup;
			children = (
				844BDDF72BD1893600D4E42F /* TestViewModel.swift */,
				844BDE0A2BD243AD00D4E42F /* MainViewModel.swift */,
			);
			path = ViewModel;
			sourceTree = "<group>";
		};
		844BDDFA2BD1FA2600D4E42F /* View */ = {
			isa = PBXGroup;
			children = (
				844BDDFB2BD1FA4500D4E42F /* ListCell */,
				84CF48012BD25CA8004ED912 /* TimePickerView.swift */,
				84CF48032BD26327004ED912 /* CustomPickerView.swift */,
			);
			path = View;
			sourceTree = "<group>";
		};
		844BDDFB2BD1FA4500D4E42F /* ListCell */ = {
			isa = PBXGroup;
			children = (
				844BDDFC2BD1FA4E00D4E42F /* TestCell.swift */,
			);
			path = ListCell;
			sourceTree = "<group>";
		};
		844BDE002BD1FA8800D4E42F /* Protocol */ = {
			isa = PBXGroup;
			children = (
				844BDDFE2BD1FA6800D4E42F /* ReuseIdentifierable.swift */,
			);
			path = Protocol;
			sourceTree = "<group>";
		};
		844BDE032BD1FCA000D4E42F /* CollectionViewItem */ = {
			isa = PBXGroup;
			children = (
				844BDE042BD1FCB400D4E42F /* TestDataItem.swift */,
			);
			path = CollectionViewItem;
			sourceTree = "<group>";
		};
		845587EF2BD15BF900CC1F9D = {
			isa = PBXGroup;
			children = (
				844BDDCC2BD16E7F00D4E42F /* .swiftlint.yml */,
				845587FA2BD15BF900CC1F9D /* municeCowork */,
				845588112BD15BFA00CC1F9D /* municeCoworkTests */,
				8455881B2BD15BFA00CC1F9D /* municeCoworkUITests */,
				845587F92BD15BF900CC1F9D /* Products */,
				13AC99B78F6214AD014A0F14 /* Pods */,
				13E4E1FD6B6EB7E5B518C827 /* Frameworks */,
			);
			sourceTree = "<group>";
		};
		845587F92BD15BF900CC1F9D /* Products */ = {
			isa = PBXGroup;
			children = (
				845587F82BD15BF900CC1F9D /* municeCowork.app */,
				8455880E2BD15BFA00CC1F9D /* municeCoworkTests.xctest */,
				845588182BD15BFA00CC1F9D /* municeCoworkUITests.xctest */,
			);
			name = Products;
			sourceTree = "<group>";
		};
		845587FA2BD15BF900CC1F9D /* municeCowork */ = {
			isa = PBXGroup;
			children = (
				844BDDC72BD16B9D00D4E42F /* Layer-Application */,
				844BDDC82BD16BA600D4E42F /* Layer-Domain */,
				844BDDC92BD16BAF00D4E42F /* Layer-Data */,
				844BDDCA2BD16BE500D4E42F /* Resource */,
				844BDDCB2BD16BED00D4E42F /* Util */,
				845587FB2BD15BF900CC1F9D /* AppDelegate.swift */,
				845587FD2BD15BF900CC1F9D /* SceneDelegate.swift */,
				845588062BD15BFA00CC1F9D /* LaunchScreen.storyboard */,
				845588092BD15BFA00CC1F9D /* Info.plist */,
			);
			path = municeCowork;
			sourceTree = "<group>";
		};
		845588112BD15BFA00CC1F9D /* municeCoworkTests */ = {
			isa = PBXGroup;
			children = (
				845588122BD15BFA00CC1F9D /* municeCoworkTests.swift */,
			);
			path = municeCoworkTests;
			sourceTree = "<group>";
		};
		8455881B2BD15BFA00CC1F9D /* municeCoworkUITests */ = {
			isa = PBXGroup;
			children = (
				8455881C2BD15BFA00CC1F9D /* municeCoworkUITests.swift */,
				8455881E2BD15BFA00CC1F9D /* municeCoworkUITestsLaunchTests.swift */,
			);
			path = municeCoworkUITests;
			sourceTree = "<group>";
		};
/* End PBXGroup section */

/* Begin PBXNativeTarget section */
		845587F72BD15BF900CC1F9D /* municeCowork */ = {
			isa = PBXNativeTarget;
			buildConfigurationList = 845588222BD15BFA00CC1F9D /* Build configuration list for PBXNativeTarget "municeCowork" */;
			buildPhases = (
				A178ABD9B658ED736692389F /* [CP] Check Pods Manifest.lock */,
				845587F42BD15BF900CC1F9D /* Sources */,
				845587F52BD15BF900CC1F9D /* Frameworks */,
				845587F62BD15BF900CC1F9D /* Resources */,
				844BDDCE2BD16F9600D4E42F /* SwiftLint */,
				6B01212570B0E67AF53285B4 /* [CP] Embed Pods Frameworks */,
			);
			buildRules = (
			);
			dependencies = (
			);
			name = municeCowork;
			productName = municeCowork;
			productReference = 845587F82BD15BF900CC1F9D /* municeCowork.app */;
			productType = "com.apple.product-type.application";
		};
		8455880D2BD15BFA00CC1F9D /* municeCoworkTests */ = {
			isa = PBXNativeTarget;
			buildConfigurationList = 845588252BD15BFA00CC1F9D /* Build configuration list for PBXNativeTarget "municeCoworkTests" */;
			buildPhases = (
				F1B0168FC13735F55583682B /* [CP] Check Pods Manifest.lock */,
				8455880A2BD15BFA00CC1F9D /* Sources */,
				8455880B2BD15BFA00CC1F9D /* Frameworks */,
				8455880C2BD15BFA00CC1F9D /* Resources */,
			);
			buildRules = (
			);
			dependencies = (
				845588102BD15BFA00CC1F9D /* PBXTargetDependency */,
			);
			name = municeCoworkTests;
			productName = municeCoworkTests;
			productReference = 8455880E2BD15BFA00CC1F9D /* municeCoworkTests.xctest */;
			productType = "com.apple.product-type.bundle.unit-test";
		};
		845588172BD15BFA00CC1F9D /* municeCoworkUITests */ = {
			isa = PBXNativeTarget;
			buildConfigurationList = 845588282BD15BFA00CC1F9D /* Build configuration list for PBXNativeTarget "municeCoworkUITests" */;
			buildPhases = (
				C760BDCBD3E9A293536F985A /* [CP] Check Pods Manifest.lock */,
				845588142BD15BFA00CC1F9D /* Sources */,
				845588152BD15BFA00CC1F9D /* Frameworks */,
				845588162BD15BFA00CC1F9D /* Resources */,
				FF0C5C314FD24BF4DB1921B2 /* [CP] Embed Pods Frameworks */,
			);
			buildRules = (
			);
			dependencies = (
				8455881A2BD15BFA00CC1F9D /* PBXTargetDependency */,
			);
			name = municeCoworkUITests;
			productName = municeCoworkUITests;
			productReference = 845588182BD15BFA00CC1F9D /* municeCoworkUITests.xctest */;
			productType = "com.apple.product-type.bundle.ui-testing";
		};
/* End PBXNativeTarget section */

/* Begin PBXProject section */
		845587F02BD15BF900CC1F9D /* Project object */ = {
			isa = PBXProject;
			attributes = {
				BuildIndependentTargetsInParallel = 1;
				LastSwiftUpdateCheck = 1500;
				LastUpgradeCheck = 1500;
				TargetAttributes = {
					845587F72BD15BF900CC1F9D = {
						CreatedOnToolsVersion = 15.0.1;
					};
					8455880D2BD15BFA00CC1F9D = {
						CreatedOnToolsVersion = 15.0.1;
						TestTargetID = 845587F72BD15BF900CC1F9D;
					};
					845588172BD15BFA00CC1F9D = {
						CreatedOnToolsVersion = 15.0.1;
						TestTargetID = 845587F72BD15BF900CC1F9D;
					};
				};
			};
			buildConfigurationList = 845587F32BD15BF900CC1F9D /* Build configuration list for PBXProject "municeCowork" */;
			compatibilityVersion = "Xcode 14.0";
			developmentRegion = en;
			hasScannedForEncodings = 0;
			knownRegions = (
				en,
				Base,
			);
			mainGroup = 845587EF2BD15BF900CC1F9D;
			productRefGroup = 845587F92BD15BF900CC1F9D /* Products */;
			projectDirPath = "";
			projectRoot = "";
			targets = (
				845587F72BD15BF900CC1F9D /* municeCowork */,
				8455880D2BD15BFA00CC1F9D /* municeCoworkTests */,
				845588172BD15BFA00CC1F9D /* municeCoworkUITests */,
			);
		};
/* End PBXProject section */

/* Begin PBXResourcesBuildPhase section */
		845587F62BD15BF900CC1F9D /* Resources */ = {
			isa = PBXResourcesBuildPhase;
			buildActionMask = 2147483647;
			files = (
				844BDDCD2BD16E7F00D4E42F /* .swiftlint.yml in Resources */,
				845588082BD15BFA00CC1F9D /* LaunchScreen.storyboard in Resources */,
				845588052BD15BFA00CC1F9D /* Assets.xcassets in Resources */,
			);
			runOnlyForDeploymentPostprocessing = 0;
		};
		8455880C2BD15BFA00CC1F9D /* Resources */ = {
			isa = PBXResourcesBuildPhase;
			buildActionMask = 2147483647;
			files = (
			);
			runOnlyForDeploymentPostprocessing = 0;
		};
		845588162BD15BFA00CC1F9D /* Resources */ = {
			isa = PBXResourcesBuildPhase;
			buildActionMask = 2147483647;
			files = (
			);
			runOnlyForDeploymentPostprocessing = 0;
		};
/* End PBXResourcesBuildPhase section */

/* Begin PBXShellScriptBuildPhase section */
		6B01212570B0E67AF53285B4 /* [CP] Embed Pods Frameworks */ = {
			isa = PBXShellScriptBuildPhase;
			buildActionMask = 2147483647;
			files = (
			);
			inputFileListPaths = (
				"${PODS_ROOT}/Target Support Files/Pods-municeCowork/Pods-municeCowork-frameworks-${CONFIGURATION}-input-files.xcfilelist",
			);
			name = "[CP] Embed Pods Frameworks";
			outputFileListPaths = (
				"${PODS_ROOT}/Target Support Files/Pods-municeCowork/Pods-municeCowork-frameworks-${CONFIGURATION}-output-files.xcfilelist",
			);
			runOnlyForDeploymentPostprocessing = 0;
			shellPath = /bin/sh;
			shellScript = "\"${PODS_ROOT}/Target Support Files/Pods-municeCowork/Pods-municeCowork-frameworks.sh\"\n";
			showEnvVarsInLog = 0;
		};
		844BDDCE2BD16F9600D4E42F /* SwiftLint */ = {
			isa = PBXShellScriptBuildPhase;
			alwaysOutOfDate = 1;
			buildActionMask = 2147483647;
			files = (
			);
			inputFileListPaths = (
			);
			inputPaths = (
			);
			name = SwiftLint;
			outputFileListPaths = (
			);
			outputPaths = (
			);
			runOnlyForDeploymentPostprocessing = 0;
			shellPath = /bin/sh;
			shellScript = "${PODS_ROOT}/SwiftLint/swiftlint\n";
		};
		A178ABD9B658ED736692389F /* [CP] Check Pods Manifest.lock */ = {
			isa = PBXShellScriptBuildPhase;
			buildActionMask = 2147483647;
			files = (
			);
			inputFileListPaths = (
			);
			inputPaths = (
				"${PODS_PODFILE_DIR_PATH}/Podfile.lock",
				"${PODS_ROOT}/Manifest.lock",
			);
			name = "[CP] Check Pods Manifest.lock";
			outputFileListPaths = (
			);
			outputPaths = (
				"$(DERIVED_FILE_DIR)/Pods-municeCowork-checkManifestLockResult.txt",
			);
			runOnlyForDeploymentPostprocessing = 0;
			shellPath = /bin/sh;
			shellScript = "diff \"${PODS_PODFILE_DIR_PATH}/Podfile.lock\" \"${PODS_ROOT}/Manifest.lock\" > /dev/null\nif [ $? != 0 ] ; then\n    # print error to STDERR\n    echo \"error: The sandbox is not in sync with the Podfile.lock. Run 'pod install' or update your CocoaPods installation.\" >&2\n    exit 1\nfi\n# This output is used by Xcode 'outputs' to avoid re-running this script phase.\necho \"SUCCESS\" > \"${SCRIPT_OUTPUT_FILE_0}\"\n";
			showEnvVarsInLog = 0;
		};
		C760BDCBD3E9A293536F985A /* [CP] Check Pods Manifest.lock */ = {
			isa = PBXShellScriptBuildPhase;
			buildActionMask = 2147483647;
			files = (
			);
			inputFileListPaths = (
			);
			inputPaths = (
				"${PODS_PODFILE_DIR_PATH}/Podfile.lock",
				"${PODS_ROOT}/Manifest.lock",
			);
			name = "[CP] Check Pods Manifest.lock";
			outputFileListPaths = (
			);
			outputPaths = (
				"$(DERIVED_FILE_DIR)/Pods-municeCowork-municeCoworkUITests-checkManifestLockResult.txt",
			);
			runOnlyForDeploymentPostprocessing = 0;
			shellPath = /bin/sh;
			shellScript = "diff \"${PODS_PODFILE_DIR_PATH}/Podfile.lock\" \"${PODS_ROOT}/Manifest.lock\" > /dev/null\nif [ $? != 0 ] ; then\n    # print error to STDERR\n    echo \"error: The sandbox is not in sync with the Podfile.lock. Run 'pod install' or update your CocoaPods installation.\" >&2\n    exit 1\nfi\n# This output is used by Xcode 'outputs' to avoid re-running this script phase.\necho \"SUCCESS\" > \"${SCRIPT_OUTPUT_FILE_0}\"\n";
			showEnvVarsInLog = 0;
		};
		F1B0168FC13735F55583682B /* [CP] Check Pods Manifest.lock */ = {
			isa = PBXShellScriptBuildPhase;
			buildActionMask = 2147483647;
			files = (
			);
			inputFileListPaths = (
			);
			inputPaths = (
				"${PODS_PODFILE_DIR_PATH}/Podfile.lock",
				"${PODS_ROOT}/Manifest.lock",
			);
			name = "[CP] Check Pods Manifest.lock";
			outputFileListPaths = (
			);
			outputPaths = (
				"$(DERIVED_FILE_DIR)/Pods-municeCoworkTests-checkManifestLockResult.txt",
			);
			runOnlyForDeploymentPostprocessing = 0;
			shellPath = /bin/sh;
			shellScript = "diff \"${PODS_PODFILE_DIR_PATH}/Podfile.lock\" \"${PODS_ROOT}/Manifest.lock\" > /dev/null\nif [ $? != 0 ] ; then\n    # print error to STDERR\n    echo \"error: The sandbox is not in sync with the Podfile.lock. Run 'pod install' or update your CocoaPods installation.\" >&2\n    exit 1\nfi\n# This output is used by Xcode 'outputs' to avoid re-running this script phase.\necho \"SUCCESS\" > \"${SCRIPT_OUTPUT_FILE_0}\"\n";
			showEnvVarsInLog = 0;
		};
		FF0C5C314FD24BF4DB1921B2 /* [CP] Embed Pods Frameworks */ = {
			isa = PBXShellScriptBuildPhase;
			buildActionMask = 2147483647;
			files = (
			);
			inputFileListPaths = (
				"${PODS_ROOT}/Target Support Files/Pods-municeCowork-municeCoworkUITests/Pods-municeCowork-municeCoworkUITests-frameworks-${CONFIGURATION}-input-files.xcfilelist",
			);
			name = "[CP] Embed Pods Frameworks";
			outputFileListPaths = (
				"${PODS_ROOT}/Target Support Files/Pods-municeCowork-municeCoworkUITests/Pods-municeCowork-municeCoworkUITests-frameworks-${CONFIGURATION}-output-files.xcfilelist",
			);
			runOnlyForDeploymentPostprocessing = 0;
			shellPath = /bin/sh;
			shellScript = "\"${PODS_ROOT}/Target Support Files/Pods-municeCowork-municeCoworkUITests/Pods-municeCowork-municeCoworkUITests-frameworks.sh\"\n";
			showEnvVarsInLog = 0;
		};
/* End PBXShellScriptBuildPhase section */

/* Begin PBXSourcesBuildPhase section */
		845587F42BD15BF900CC1F9D /* Sources */ = {
			isa = PBXSourcesBuildPhase;
			buildActionMask = 2147483647;
			files = (
				844BDDDD2BD1791C00D4E42F /* BaseMoyaTargetType.swift in Sources */,
				845588002BD15BF900CC1F9D /* ViewController.swift in Sources */,
				845587FC2BD15BF900CC1F9D /* AppDelegate.swift in Sources */,
				844BDDEA2BD1854A00D4E42F /* TestRepository.swift in Sources */,
				84CF48062BD263C3004ED912 /* Array_Extension.swift in Sources */,
				844BDDDF2BD1794700D4E42F /* BaseApi.swift in Sources */,
				844BDDFF2BD1FA6800D4E42F /* ReuseIdentifierable.swift in Sources */,
				844BDDD92BD1776600D4E42F /* NetConsts.swift in Sources */,
				844BDDD02BD1744F00D4E42F /* Logg.swift in Sources */,
				844BDDEF2BD1867B00D4E42F /* TestUsecase.swift in Sources */,
				844BDDDB2BD1778600D4E42F /* RequestCustomLogPlugin.swift in Sources */,
				844BDDE12BD17AAB00D4E42F /* TestApi.swift in Sources */,
				845587FE2BD15BF900CC1F9D /* SceneDelegate.swift in Sources */,
				844BDE0D2BD2443900D4E42F /* Date_Extension.swift in Sources */,
				84CF48002BD25326004ED912 /* Locale_Extension.swift in Sources */,
				844BDDF82BD1893600D4E42F /* TestViewModel.swift in Sources */,
				844BDDF22BD186C400D4E42F /* TestModel.swift in Sources */,
				844BDDD72BD1774600D4E42F /* MoyaRequester.swift in Sources */,
				844BDDD32BD174B400D4E42F /* String_Extension.swift in Sources */,
				844BDDE42BD17C0B00D4E42F /* TestApiDTO.swift in Sources */,
				844BDDFD2BD1FA4E00D4E42F /* TestCell.swift in Sources */,
				844BDE052BD1FCB400D4E42F /* TestDataItem.swift in Sources */,
				84CF48042BD26327004ED912 /* CustomPickerView.swift in Sources */,
				844BDE092BD239AB00D4E42F /* CALayer_Extension.swift in Sources */,
				844BDE072BD235AD00D4E42F /* MainViewController.swift in Sources */,
				84CF48022BD25CA8004ED912 /* TimePickerView.swift in Sources */,
				844BDE0B2BD243AD00D4E42F /* MainViewModel.swift in Sources */,
			);
			runOnlyForDeploymentPostprocessing = 0;
		};
		8455880A2BD15BFA00CC1F9D /* Sources */ = {
			isa = PBXSourcesBuildPhase;
			buildActionMask = 2147483647;
			files = (
				845588132BD15BFA00CC1F9D /* municeCoworkTests.swift in Sources */,
			);
			runOnlyForDeploymentPostprocessing = 0;
		};
		845588142BD15BFA00CC1F9D /* Sources */ = {
			isa = PBXSourcesBuildPhase;
			buildActionMask = 2147483647;
			files = (
				8455881F2BD15BFA00CC1F9D /* municeCoworkUITestsLaunchTests.swift in Sources */,
				8455881D2BD15BFA00CC1F9D /* municeCoworkUITests.swift in Sources */,
			);
			runOnlyForDeploymentPostprocessing = 0;
		};
/* End PBXSourcesBuildPhase section */

/* Begin PBXTargetDependency section */
		845588102BD15BFA00CC1F9D /* PBXTargetDependency */ = {
			isa = PBXTargetDependency;
			target = 845587F72BD15BF900CC1F9D /* municeCowork */;
			targetProxy = 8455880F2BD15BFA00CC1F9D /* PBXContainerItemProxy */;
		};
		8455881A2BD15BFA00CC1F9D /* PBXTargetDependency */ = {
			isa = PBXTargetDependency;
			target = 845587F72BD15BF900CC1F9D /* municeCowork */;
			targetProxy = 845588192BD15BFA00CC1F9D /* PBXContainerItemProxy */;
		};
/* End PBXTargetDependency section */

/* Begin PBXVariantGroup section */
		845588062BD15BFA00CC1F9D /* LaunchScreen.storyboard */ = {
			isa = PBXVariantGroup;
			children = (
				845588072BD15BFA00CC1F9D /* Base */,
			);
			name = LaunchScreen.storyboard;
			sourceTree = "<group>";
		};
/* End PBXVariantGroup section */

/* Begin XCBuildConfiguration section */
		845588202BD15BFA00CC1F9D /* Debug */ = {
			isa = XCBuildConfiguration;
			buildSettings = {
				ALWAYS_EMBED_SWIFT_STANDARD_LIBRARIES = "$(inherited)";
				ALWAYS_SEARCH_USER_PATHS = YES;
				ASSETCATALOG_COMPILER_GENERATE_SWIFT_ASSET_SYMBOL_EXTENSIONS = YES;
				CLANG_ANALYZER_NONNULL = YES;
				CLANG_ANALYZER_NUMBER_OBJECT_CONVERSION = YES_AGGRESSIVE;
				CLANG_CXX_LANGUAGE_STANDARD = "gnu++20";
				CLANG_ENABLE_MODULES = YES;
				CLANG_ENABLE_OBJC_ARC = YES;
				CLANG_ENABLE_OBJC_WEAK = YES;
				CLANG_WARN_BLOCK_CAPTURE_AUTORELEASING = YES;
				CLANG_WARN_BOOL_CONVERSION = YES;
				CLANG_WARN_COMMA = YES;
				CLANG_WARN_CONSTANT_CONVERSION = YES;
				CLANG_WARN_DEPRECATED_OBJC_IMPLEMENTATIONS = YES;
				CLANG_WARN_DIRECT_OBJC_ISA_USAGE = YES_ERROR;
				CLANG_WARN_DOCUMENTATION_COMMENTS = YES;
				CLANG_WARN_EMPTY_BODY = YES;
				CLANG_WARN_ENUM_CONVERSION = YES;
				CLANG_WARN_INFINITE_RECURSION = YES;
				CLANG_WARN_INT_CONVERSION = YES;
				CLANG_WARN_NON_LITERAL_NULL_CONVERSION = YES;
				CLANG_WARN_OBJC_IMPLICIT_RETAIN_SELF = YES;
				CLANG_WARN_OBJC_LITERAL_CONVERSION = YES;
				CLANG_WARN_OBJC_ROOT_CLASS = YES_ERROR;
				CLANG_WARN_QUOTED_INCLUDE_IN_FRAMEWORK_HEADER = YES;
				CLANG_WARN_RANGE_LOOP_ANALYSIS = YES;
				CLANG_WARN_STRICT_PROTOTYPES = YES;
				CLANG_WARN_SUSPICIOUS_MOVE = YES;
				CLANG_WARN_UNGUARDED_AVAILABILITY = YES_AGGRESSIVE;
				CLANG_WARN_UNREACHABLE_CODE = YES;
				CLANG_WARN__DUPLICATE_METHOD_MATCH = YES;
				COPY_PHASE_STRIP = NO;
				DEBUG_INFORMATION_FORMAT = dwarf;
				ENABLE_STRICT_OBJC_MSGSEND = YES;
				ENABLE_TESTABILITY = YES;
				ENABLE_USER_SCRIPT_SANDBOXING = NO;
				GCC_C_LANGUAGE_STANDARD = gnu17;
				GCC_DYNAMIC_NO_PIC = NO;
				GCC_NO_COMMON_BLOCKS = YES;
				GCC_OPTIMIZATION_LEVEL = 0;
				GCC_PREPROCESSOR_DEFINITIONS = (
					"DEBUG=1",
					"$(inherited)",
				);
				GCC_WARN_64_TO_32_BIT_CONVERSION = YES;
				GCC_WARN_ABOUT_RETURN_TYPE = YES_ERROR;
				GCC_WARN_UNDECLARED_SELECTOR = YES;
				GCC_WARN_UNINITIALIZED_AUTOS = YES_AGGRESSIVE;
				GCC_WARN_UNUSED_FUNCTION = YES;
				GCC_WARN_UNUSED_VARIABLE = YES;
				IPHONEOS_DEPLOYMENT_TARGET = 14.0;
				LOCALIZATION_PREFERS_STRING_CATALOGS = YES;
				MTL_ENABLE_DEBUG_INFO = INCLUDE_SOURCE;
				MTL_FAST_MATH = YES;
				ONLY_ACTIVE_ARCH = YES;
				SDKROOT = iphoneos;
				SWIFT_ACTIVE_COMPILATION_CONDITIONS = "DEBUG $(inherited)";
				SWIFT_OPTIMIZATION_LEVEL = "-Onone";
				SWIFT_VERSION = 5.0;
			};
			name = Debug;
		};
		845588212BD15BFA00CC1F9D /* Release */ = {
			isa = XCBuildConfiguration;
			buildSettings = {
				ALWAYS_EMBED_SWIFT_STANDARD_LIBRARIES = "$(inherited)";
				ALWAYS_SEARCH_USER_PATHS = YES;
				ASSETCATALOG_COMPILER_GENERATE_SWIFT_ASSET_SYMBOL_EXTENSIONS = YES;
				CLANG_ANALYZER_NONNULL = YES;
				CLANG_ANALYZER_NUMBER_OBJECT_CONVERSION = YES_AGGRESSIVE;
				CLANG_CXX_LANGUAGE_STANDARD = "gnu++20";
				CLANG_ENABLE_MODULES = YES;
				CLANG_ENABLE_OBJC_ARC = YES;
				CLANG_ENABLE_OBJC_WEAK = YES;
				CLANG_WARN_BLOCK_CAPTURE_AUTORELEASING = YES;
				CLANG_WARN_BOOL_CONVERSION = YES;
				CLANG_WARN_COMMA = YES;
				CLANG_WARN_CONSTANT_CONVERSION = YES;
				CLANG_WARN_DEPRECATED_OBJC_IMPLEMENTATIONS = YES;
				CLANG_WARN_DIRECT_OBJC_ISA_USAGE = YES_ERROR;
				CLANG_WARN_DOCUMENTATION_COMMENTS = YES;
				CLANG_WARN_EMPTY_BODY = YES;
				CLANG_WARN_ENUM_CONVERSION = YES;
				CLANG_WARN_INFINITE_RECURSION = YES;
				CLANG_WARN_INT_CONVERSION = YES;
				CLANG_WARN_NON_LITERAL_NULL_CONVERSION = YES;
				CLANG_WARN_OBJC_IMPLICIT_RETAIN_SELF = YES;
				CLANG_WARN_OBJC_LITERAL_CONVERSION = YES;
				CLANG_WARN_OBJC_ROOT_CLASS = YES_ERROR;
				CLANG_WARN_QUOTED_INCLUDE_IN_FRAMEWORK_HEADER = YES;
				CLANG_WARN_RANGE_LOOP_ANALYSIS = YES;
				CLANG_WARN_STRICT_PROTOTYPES = YES;
				CLANG_WARN_SUSPICIOUS_MOVE = YES;
				CLANG_WARN_UNGUARDED_AVAILABILITY = YES_AGGRESSIVE;
				CLANG_WARN_UNREACHABLE_CODE = YES;
				CLANG_WARN__DUPLICATE_METHOD_MATCH = YES;
				COPY_PHASE_STRIP = NO;
				DEBUG_INFORMATION_FORMAT = "dwarf-with-dsym";
				ENABLE_NS_ASSERTIONS = NO;
				ENABLE_STRICT_OBJC_MSGSEND = YES;
				ENABLE_USER_SCRIPT_SANDBOXING = NO;
				GCC_C_LANGUAGE_STANDARD = gnu17;
				GCC_NO_COMMON_BLOCKS = YES;
				GCC_WARN_64_TO_32_BIT_CONVERSION = YES;
				GCC_WARN_ABOUT_RETURN_TYPE = YES_ERROR;
				GCC_WARN_UNDECLARED_SELECTOR = YES;
				GCC_WARN_UNINITIALIZED_AUTOS = YES_AGGRESSIVE;
				GCC_WARN_UNUSED_FUNCTION = YES;
				GCC_WARN_UNUSED_VARIABLE = YES;
				IPHONEOS_DEPLOYMENT_TARGET = 14.0;
				LOCALIZATION_PREFERS_STRING_CATALOGS = YES;
				MTL_ENABLE_DEBUG_INFO = NO;
				MTL_FAST_MATH = YES;
				SDKROOT = iphoneos;
				SWIFT_COMPILATION_MODE = wholemodule;
				SWIFT_VERSION = 5.0;
				VALIDATE_PRODUCT = YES;
			};
			name = Release;
		};
		845588232BD15BFA00CC1F9D /* Debug */ = {
			isa = XCBuildConfiguration;
			baseConfigurationReference = 9136DBC612E5E139352DCF03 /* Pods-municeCowork.debug.xcconfig */;
			buildSettings = {
				ALWAYS_EMBED_SWIFT_STANDARD_LIBRARIES = "$(inherited)";
				ASSETCATALOG_COMPILER_APPICON_NAME = AppIcon;
				ASSETCATALOG_COMPILER_GLOBAL_ACCENT_COLOR_NAME = AccentColor;
				CODE_SIGN_STYLE = Automatic;
				CURRENT_PROJECT_VERSION = 1;
				DEVELOPMENT_TEAM = LQ7F9B58SW;
				ENABLE_USER_SCRIPT_SANDBOXING = NO;
				GENERATE_INFOPLIST_FILE = YES;
				INFOPLIST_FILE = municeCowork/Info.plist;
				INFOPLIST_KEY_UIApplicationSupportsIndirectInputEvents = YES;
				INFOPLIST_KEY_UILaunchStoryboardName = LaunchScreen;
				INFOPLIST_KEY_UIMainStoryboardFile = Main;
				INFOPLIST_KEY_UISupportedInterfaceOrientations_iPad = "UIInterfaceOrientationPortrait UIInterfaceOrientationPortraitUpsideDown UIInterfaceOrientationLandscapeLeft UIInterfaceOrientationLandscapeRight";
				INFOPLIST_KEY_UISupportedInterfaceOrientations_iPhone = "UIInterfaceOrientationPortrait UIInterfaceOrientationLandscapeLeft UIInterfaceOrientationLandscapeRight";
				IPHONEOS_DEPLOYMENT_TARGET = 14.0;
				LD_RUNPATH_SEARCH_PATHS = (
					"$(inherited)",
					"@executable_path/Frameworks",
				);
				MARKETING_VERSION = 1.0;
				PRODUCT_BUNDLE_IDENTIFIER = com.greatimon.municeCowork;
				PRODUCT_NAME = "$(TARGET_NAME)";
				SWIFT_EMIT_LOC_STRINGS = YES;
				SWIFT_VERSION = 5.0;
				TARGETED_DEVICE_FAMILY = "1,2";
			};
			name = Debug;
		};
		845588242BD15BFA00CC1F9D /* Release */ = {
			isa = XCBuildConfiguration;
			baseConfigurationReference = E56F516C7F9035F4B09634A1 /* Pods-municeCowork.release.xcconfig */;
			buildSettings = {
				ALWAYS_EMBED_SWIFT_STANDARD_LIBRARIES = "$(inherited)";
				ASSETCATALOG_COMPILER_APPICON_NAME = AppIcon;
				ASSETCATALOG_COMPILER_GLOBAL_ACCENT_COLOR_NAME = AccentColor;
				CODE_SIGN_STYLE = Automatic;
				CURRENT_PROJECT_VERSION = 1;
				DEVELOPMENT_TEAM = LQ7F9B58SW;
				ENABLE_USER_SCRIPT_SANDBOXING = NO;
				GENERATE_INFOPLIST_FILE = YES;
				INFOPLIST_FILE = municeCowork/Info.plist;
				INFOPLIST_KEY_UIApplicationSupportsIndirectInputEvents = YES;
				INFOPLIST_KEY_UILaunchStoryboardName = LaunchScreen;
				INFOPLIST_KEY_UIMainStoryboardFile = Main;
				INFOPLIST_KEY_UISupportedInterfaceOrientations_iPad = "UIInterfaceOrientationPortrait UIInterfaceOrientationPortraitUpsideDown UIInterfaceOrientationLandscapeLeft UIInterfaceOrientationLandscapeRight";
				INFOPLIST_KEY_UISupportedInterfaceOrientations_iPhone = "UIInterfaceOrientationPortrait UIInterfaceOrientationLandscapeLeft UIInterfaceOrientationLandscapeRight";
				IPHONEOS_DEPLOYMENT_TARGET = 14.0;
				LD_RUNPATH_SEARCH_PATHS = (
					"$(inherited)",
					"@executable_path/Frameworks",
				);
				MARKETING_VERSION = 1.0;
				PRODUCT_BUNDLE_IDENTIFIER = com.greatimon.municeCowork;
				PRODUCT_NAME = "$(TARGET_NAME)";
				SWIFT_EMIT_LOC_STRINGS = YES;
				SWIFT_VERSION = 5.0;
				TARGETED_DEVICE_FAMILY = "1,2";
			};
			name = Release;
		};
		845588262BD15BFA00CC1F9D /* Debug */ = {
			isa = XCBuildConfiguration;
			baseConfigurationReference = 0921F94CA9CBE62FF910D5C5 /* Pods-municeCoworkTests.debug.xcconfig */;
			buildSettings = {
				ALWAYS_EMBED_SWIFT_STANDARD_LIBRARIES = "$(inherited)";
				BUNDLE_LOADER = "$(TEST_HOST)";
				CODE_SIGN_STYLE = Automatic;
				CURRENT_PROJECT_VERSION = 1;
				DEVELOPMENT_TEAM = LQ7F9B58SW;
				ENABLE_USER_SCRIPT_SANDBOXING = NO;
				GENERATE_INFOPLIST_FILE = YES;
				IPHONEOS_DEPLOYMENT_TARGET = 14.0;
				MARKETING_VERSION = 1.0;
				PRODUCT_BUNDLE_IDENTIFIER = com.greatimon.municeCoworkTests;
				PRODUCT_NAME = "$(TARGET_NAME)";
				SWIFT_EMIT_LOC_STRINGS = NO;
				SWIFT_VERSION = 5.0;
				TARGETED_DEVICE_FAMILY = "1,2";
				TEST_HOST = "$(BUILT_PRODUCTS_DIR)/municeCowork.app/$(BUNDLE_EXECUTABLE_FOLDER_PATH)/municeCowork";
			};
			name = Debug;
		};
		845588272BD15BFA00CC1F9D /* Release */ = {
			isa = XCBuildConfiguration;
			baseConfigurationReference = 46FA838094A6F037FB6C292D /* Pods-municeCoworkTests.release.xcconfig */;
			buildSettings = {
				ALWAYS_EMBED_SWIFT_STANDARD_LIBRARIES = "$(inherited)";
				BUNDLE_LOADER = "$(TEST_HOST)";
				CODE_SIGN_STYLE = Automatic;
				CURRENT_PROJECT_VERSION = 1;
				DEVELOPMENT_TEAM = LQ7F9B58SW;
				ENABLE_USER_SCRIPT_SANDBOXING = NO;
				GENERATE_INFOPLIST_FILE = YES;
				IPHONEOS_DEPLOYMENT_TARGET = 14.0;
				MARKETING_VERSION = 1.0;
				PRODUCT_BUNDLE_IDENTIFIER = com.greatimon.municeCoworkTests;
				PRODUCT_NAME = "$(TARGET_NAME)";
				SWIFT_EMIT_LOC_STRINGS = NO;
				SWIFT_VERSION = 5.0;
				TARGETED_DEVICE_FAMILY = "1,2";
				TEST_HOST = "$(BUILT_PRODUCTS_DIR)/municeCowork.app/$(BUNDLE_EXECUTABLE_FOLDER_PATH)/municeCowork";
			};
			name = Release;
		};
		845588292BD15BFA00CC1F9D /* Debug */ = {
			isa = XCBuildConfiguration;
			baseConfigurationReference = 841C1388BB7ADB998FEAF888 /* Pods-municeCowork-municeCoworkUITests.debug.xcconfig */;
			buildSettings = {
				ALWAYS_EMBED_SWIFT_STANDARD_LIBRARIES = "$(inherited)";
				CODE_SIGN_STYLE = Automatic;
				CURRENT_PROJECT_VERSION = 1;
				DEVELOPMENT_TEAM = LQ7F9B58SW;
				ENABLE_USER_SCRIPT_SANDBOXING = NO;
				GENERATE_INFOPLIST_FILE = YES;
				MARKETING_VERSION = 1.0;
				PRODUCT_BUNDLE_IDENTIFIER = com.greatimon.municeCoworkUITests;
				PRODUCT_NAME = "$(TARGET_NAME)";
				SWIFT_EMIT_LOC_STRINGS = NO;
				SWIFT_VERSION = 5.0;
				TARGETED_DEVICE_FAMILY = "1,2";
				TEST_TARGET_NAME = municeCowork;
			};
			name = Debug;
		};
		8455882A2BD15BFA00CC1F9D /* Release */ = {
			isa = XCBuildConfiguration;
			baseConfigurationReference = 695A3504A01103F6873EF7DA /* Pods-municeCowork-municeCoworkUITests.release.xcconfig */;
			buildSettings = {
				ALWAYS_EMBED_SWIFT_STANDARD_LIBRARIES = "$(inherited)";
				CODE_SIGN_STYLE = Automatic;
				CURRENT_PROJECT_VERSION = 1;
				DEVELOPMENT_TEAM = LQ7F9B58SW;
				ENABLE_USER_SCRIPT_SANDBOXING = NO;
				GENERATE_INFOPLIST_FILE = YES;
				MARKETING_VERSION = 1.0;
				PRODUCT_BUNDLE_IDENTIFIER = com.greatimon.municeCoworkUITests;
				PRODUCT_NAME = "$(TARGET_NAME)";
				SWIFT_EMIT_LOC_STRINGS = NO;
				SWIFT_VERSION = 5.0;
				TARGETED_DEVICE_FAMILY = "1,2";
				TEST_TARGET_NAME = municeCowork;
			};
			name = Release;
		};
/* End XCBuildConfiguration section */

/* Begin XCConfigurationList section */
		845587F32BD15BF900CC1F9D /* Build configuration list for PBXProject "municeCowork" */ = {
			isa = XCConfigurationList;
			buildConfigurations = (
				845588202BD15BFA00CC1F9D /* Debug */,
				845588212BD15BFA00CC1F9D /* Release */,
			);
			defaultConfigurationIsVisible = 0;
			defaultConfigurationName = Release;
		};
		845588222BD15BFA00CC1F9D /* Build configuration list for PBXNativeTarget "municeCowork" */ = {
			isa = XCConfigurationList;
			buildConfigurations = (
				845588232BD15BFA00CC1F9D /* Debug */,
				845588242BD15BFA00CC1F9D /* Release */,
			);
			defaultConfigurationIsVisible = 0;
			defaultConfigurationName = Release;
		};
		845588252BD15BFA00CC1F9D /* Build configuration list for PBXNativeTarget "municeCoworkTests" */ = {
			isa = XCConfigurationList;
			buildConfigurations = (
				845588262BD15BFA00CC1F9D /* Debug */,
				845588272BD15BFA00CC1F9D /* Release */,
			);
			defaultConfigurationIsVisible = 0;
			defaultConfigurationName = Release;
		};
		845588282BD15BFA00CC1F9D /* Build configuration list for PBXNativeTarget "municeCoworkUITests" */ = {
			isa = XCConfigurationList;
			buildConfigurations = (
				845588292BD15BFA00CC1F9D /* Debug */,
				8455882A2BD15BFA00CC1F9D /* Release */,
			);
			defaultConfigurationIsVisible = 0;
			defaultConfigurationName = Release;
		};
/* End XCConfigurationList section */
	};
	rootObject = 845587F02BD15BF900CC1F9D /* Project object */;
}
